
Microsoft Visual Studio Solution File, Format Version 12.00
# Visual Studio Version 16
VisualStudioVersion = 16.0.31019.35
MinimumVisualStudioVersion = 10.0.40219.1
Project("{FAE04EC0-301F-11D3-BF4B-00C04F79EFBC}") = "LearningProject_WinApp", "LearningProject\LearningProject_WinApp.csproj", "{04D36C27-8CA6-481F-91E4-C8413D485F2F}"
EndProject
Project("{FAE04EC0-301F-11D3-BF4B-00C04F79EFBC}") = "VerManagerLibrary_ClassLib", "TestClassLibrary\VerManagerLibrary_ClassLib.csproj", "{E7500204-6F37-4DCD-A434-A4A56275EAC2}"
EndProject
Project("{FAE04EC0-301F-11D3-BF4B-00C04F79EFBC}") = "ObjectListView2012", "ObjectListViewDemo\ObjectListView\ObjectListView2012.csproj", "{18FEDA0C-D147-4286-B39A-01204808106A}"
EndProject
Global
	GlobalSection(SolutionConfigurationPlatforms) = preSolution
		Debug|Any CPU = Debug|Any CPU
		Release|Any CPU = Release|Any CPU
	EndGlobalSection
	GlobalSection(ProjectConfigurationPlatforms) = postSolution
		{04D36C27-8CA6-481F-91E4-C8413D485F2F}.Debug|Any CPU.ActiveCfg = Debug|Any CPU
		{04D36C27-8CA6-481F-91E4-C8413D485F2F}.Debug|Any CPU.Build.0 = Debug|Any CPU
		{04D36C27-8CA6-481F-91E4-C8413D485F2F}.Release|Any CPU.ActiveCfg = Release|Any CPU
		{04D36C27-8CA6-481F-91E4-C8413D485F2F}.Release|Any CPU.Build.0 = Release|Any CPU
		{E7500204-6F37-4DCD-A434-A4A56275EAC2}.Debug|Any CPU.ActiveCfg = Debug|Any CPU
		{E7500204-6F37-4DCD-A434-A4A56275EAC2}.Debug|Any CPU.Build.0 = Debug|Any CPU
		{E7500204-6F37-4DCD-A434-A4A56275EAC2}.Release|Any CPU.ActiveCfg = Release|Any CPU
		{E7500204-6F37-4DCD-A434-A4A56275EAC2}.Release|Any CPU.Build.0 = Release|Any CPU
		{18FEDA0C-D147-4286-B39A-01204808106A}.Debug|Any CPU.ActiveCfg = Debug|Any CPU
		{18FEDA0C-D147-4286-B39A-01204808106A}.Debug|Any CPU.Build.0 = Debug|Any CPU
		{18FEDA0C-D147-4286-B39A-01204808106A}.Release|Any CPU.ActiveCfg = Release|Any CPU
		{18FEDA0C-D147-4286-B39A-01204808106A}.Release|Any CPU.Build.0 = Release|Any CPU
	EndGlobalSection
	GlobalSection(SolutionProperties) = preSolution
		HideSolutionNode = FALSE
	EndGlobalSection
	GlobalSection(ExtensibilityGlobals) = postSolution
		SolutionGuid = {79AAE98F-9E87-4FA5-B101-6C1B4FE18D7A}
	EndGlobalSection
EndGlobal
